
Microsoft Visual Studio Solution File, Format Version 12.00
# Visual Studio 2012
Project("{FAE04EC0-301F-11D3-BF4B-00C04F79EFBC}") = "Engine", "Engine\Engine.csproj", "{B80F2ED9-4BAD-4C1D-AAAF-F149F75CBDBA}"
EndProject
Global
	GlobalSection(SolutionConfigurationPlatforms) = preSolution
		Debug|Any CPU = Debug|Any CPU
		Release|Any CPU = Release|Any CPU
	EndGlobalSection
	GlobalSection(ProjectConfigurationPlatforms) = postSolution
		{B80F2ED9-4BAD-4C1D-AAAF-F149F75CBDBA}.Debug|Any CPU.ActiveCfg = Debug|Any CPU
		{B80F2ED9-4BAD-4C1D-AAAF-F149F75CBDBA}.Debug|Any CPU.Build.0 = Debug|Any CPU
		{B80F2ED9-4BAD-4C1D-AAAF-F149F75CBDBA}.Release|Any CPU.ActiveCfg = Release|Any CPU
		{B80F2ED9-4BAD-4C1D-AAAF-F149F75CBDBA}.Release|Any CPU.Build.0 = Release|Any CPU
	EndGlobalSection
	GlobalSection(SolutionProperties) = preSolution
		HideSolutionNode = FALSE
	EndGlobalSection
EndGlobal
